
Microsoft Visual Studio Solution File, Format Version 12.00
# Visual Studio 2013
VisualStudioVersion = 12.0.21005.1
MinimumVisualStudioVersion = 10.0.40219.1
Project("{FAE04EC0-301F-11D3-BF4B-00C04F79EFBC}") = "Domain.Implementation", "ClassLibrary1\Domain.Implementation.csproj", "{2B399CDA-9C11-4CFC-9927-A1C2704316E2}"
EndProject
Project("{FAE04EC0-301F-11D3-BF4B-00C04F79EFBC}") = "MvcApplication1", "MvcApplication1\MvcApplication1.csproj", "{B0A4DC5F-7C7B-44DF-A7D1-40B072A82053}"
EndProject
Project("{FAE04EC0-301F-11D3-BF4B-00C04F79EFBC}") = "UnitTestProject1", "UnitTestProject1\UnitTestProject1.csproj", "{5A73E355-7485-424C-A4C7-85BC297640BF}"
EndProject
Project("{FAE04EC0-301F-11D3-BF4B-00C04F79EFBC}") = "BootStrapper", "BootStrapper\BootStrapper.csproj", "{FD56991D-64BE-4E7D-A495-3D4944BF6676}"
EndProject
Project("{2150E333-8FDC-42A3-9474-1A3956D46DE8}") = "Test", "Test", "{75FCDC11-4D7B-43BF-9F56-8C59C380B56A}"
EndProject
Project("{FAE04EC0-301F-11D3-BF4B-00C04F79EFBC}") = "WpfApplication", "WpfApplication\WpfApplication.csproj", "{71C57846-BF52-414E-901B-499F7365164E}"
EndProject
Project("{FAE04EC0-301F-11D3-BF4B-00C04F79EFBC}") = "Domain.BootStrapper", "Domain.BootStrapper\Domain.BootStrapper.csproj", "{6EB0B8F9-B667-4A5B-83A5-696AF0EC954F}"
EndProject
Project("{FAE04EC0-301F-11D3-BF4B-00C04F79EFBC}") = "Transverse.Implementation", "Domain.Infrastructure\Transverse.Implementation.csproj", "{FA65FE34-F4E2-4DF4-AC28-3CDBA0E768C0}"
EndProject
Project("{FAE04EC0-301F-11D3-BF4B-00C04F79EFBC}") = "Transverse.Api", "Transverse.Api\Transverse.Api.csproj", "{C97F61D1-CB4C-4051-92B7-89C4D88E30E5}"
EndProject
Project("{FAE04EC0-301F-11D3-BF4B-00C04F79EFBC}") = "Transverse.BootStrapper", "Transverse.BootStrapper\Transverse.BootStrapper.csproj", "{4B679662-531E-4B37-BE5F-0A3F16D9C7A1}"
EndProject
Project("{2150E333-8FDC-42A3-9474-1A3956D46DE8}") = "Domain", "Domain", "{99172021-FA1D-42A1-9A04-48942FA5B660}"
EndProject
Project("{2150E333-8FDC-42A3-9474-1A3956D46DE8}") = "Transverse", "Transverse", "{82C810F7-18C6-48E9-9670-B1334C8CF0FD}"
EndProject
Project("{FAE04EC0-301F-11D3-BF4B-00C04F79EFBC}") = "Domain.Api", "Domain.Api\Domain.Api.csproj", "{88E3ACA5-3D74-457C-AF54-B3F2F46DD1C9}"
EndProject
Project("{2150E333-8FDC-42A3-9474-1A3956D46DE8}") = "UI", "UI", "{DEA61D4F-EB5E-42B9-8026-03BB2BB86C70}"
EndProject
Project("{FAE04EC0-301F-11D3-BF4B-00C04F79EFBC}") = "WpfApplication.Infrastructure", "WpfApplication.Infrastructure\WpfApplication.Infrastructure.csproj", "{D70EB77B-D4D0-4005-9EAE-A92EBD859945}"
EndProject
Global
	GlobalSection(SolutionConfigurationPlatforms) = preSolution
		Debug|Any CPU = Debug|Any CPU
		Release|Any CPU = Release|Any CPU
		test|Any CPU = test|Any CPU
	EndGlobalSection
	GlobalSection(ProjectConfigurationPlatforms) = postSolution
		{2B399CDA-9C11-4CFC-9927-A1C2704316E2}.Debug|Any CPU.ActiveCfg = Debug|Any CPU
		{2B399CDA-9C11-4CFC-9927-A1C2704316E2}.Debug|Any CPU.Build.0 = Debug|Any CPU
		{2B399CDA-9C11-4CFC-9927-A1C2704316E2}.Release|Any CPU.ActiveCfg = Release|Any CPU
		{2B399CDA-9C11-4CFC-9927-A1C2704316E2}.Release|Any CPU.Build.0 = Release|Any CPU
		{2B399CDA-9C11-4CFC-9927-A1C2704316E2}.test|Any CPU.ActiveCfg = Release|Any CPU
		{2B399CDA-9C11-4CFC-9927-A1C2704316E2}.test|Any CPU.Build.0 = Release|Any CPU
		{B0A4DC5F-7C7B-44DF-A7D1-40B072A82053}.Debug|Any CPU.ActiveCfg = Debug|Any CPU
		{B0A4DC5F-7C7B-44DF-A7D1-40B072A82053}.Debug|Any CPU.Build.0 = Debug|Any CPU
		{B0A4DC5F-7C7B-44DF-A7D1-40B072A82053}.Release|Any CPU.ActiveCfg = Release|Any CPU
		{B0A4DC5F-7C7B-44DF-A7D1-40B072A82053}.Release|Any CPU.Build.0 = Release|Any CPU
		{B0A4DC5F-7C7B-44DF-A7D1-40B072A82053}.test|Any CPU.ActiveCfg = test|Any CPU
		{B0A4DC5F-7C7B-44DF-A7D1-40B072A82053}.test|Any CPU.Build.0 = test|Any CPU
		{5A73E355-7485-424C-A4C7-85BC297640BF}.Debug|Any CPU.ActiveCfg = Debug|Any CPU
		{5A73E355-7485-424C-A4C7-85BC297640BF}.Debug|Any CPU.Build.0 = Debug|Any CPU
		{5A73E355-7485-424C-A4C7-85BC297640BF}.Release|Any CPU.ActiveCfg = Release|Any CPU
		{5A73E355-7485-424C-A4C7-85BC297640BF}.Release|Any CPU.Build.0 = Release|Any CPU
		{5A73E355-7485-424C-A4C7-85BC297640BF}.test|Any CPU.ActiveCfg = Release|Any CPU
		{5A73E355-7485-424C-A4C7-85BC297640BF}.test|Any CPU.Build.0 = Release|Any CPU
		{FD56991D-64BE-4E7D-A495-3D4944BF6676}.Debug|Any CPU.ActiveCfg = Debug|Any CPU
		{FD56991D-64BE-4E7D-A495-3D4944BF6676}.Debug|Any CPU.Build.0 = Debug|Any CPU
		{FD56991D-64BE-4E7D-A495-3D4944BF6676}.Release|Any CPU.ActiveCfg = Release|Any CPU
		{FD56991D-64BE-4E7D-A495-3D4944BF6676}.Release|Any CPU.Build.0 = Release|Any CPU
		{FD56991D-64BE-4E7D-A495-3D4944BF6676}.test|Any CPU.ActiveCfg = Release|Any CPU
		{FD56991D-64BE-4E7D-A495-3D4944BF6676}.test|Any CPU.Build.0 = Release|Any CPU
		{71C57846-BF52-414E-901B-499F7365164E}.Debug|Any CPU.ActiveCfg = Debug|Any CPU
		{71C57846-BF52-414E-901B-499F7365164E}.Debug|Any CPU.Build.0 = Debug|Any CPU
		{71C57846-BF52-414E-901B-499F7365164E}.Release|Any CPU.ActiveCfg = Release|Any CPU
		{71C57846-BF52-414E-901B-499F7365164E}.Release|Any CPU.Build.0 = Release|Any CPU
		{71C57846-BF52-414E-901B-499F7365164E}.test|Any CPU.ActiveCfg = Release|Any CPU
		{71C57846-BF52-414E-901B-499F7365164E}.test|Any CPU.Build.0 = Release|Any CPU
		{6EB0B8F9-B667-4A5B-83A5-696AF0EC954F}.Debug|Any CPU.ActiveCfg = Debug|Any CPU
		{6EB0B8F9-B667-4A5B-83A5-696AF0EC954F}.Debug|Any CPU.Build.0 = Debug|Any CPU
		{6EB0B8F9-B667-4A5B-83A5-696AF0EC954F}.Release|Any CPU.ActiveCfg = Release|Any CPU
		{6EB0B8F9-B667-4A5B-83A5-696AF0EC954F}.Release|Any CPU.Build.0 = Release|Any CPU
		{6EB0B8F9-B667-4A5B-83A5-696AF0EC954F}.test|Any CPU.ActiveCfg = Release|Any CPU
		{6EB0B8F9-B667-4A5B-83A5-696AF0EC954F}.test|Any CPU.Build.0 = Release|Any CPU
		{FA65FE34-F4E2-4DF4-AC28-3CDBA0E768C0}.Debug|Any CPU.ActiveCfg = Debug|Any CPU
		{FA65FE34-F4E2-4DF4-AC28-3CDBA0E768C0}.Debug|Any CPU.Build.0 = Debug|Any CPU
		{FA65FE34-F4E2-4DF4-AC28-3CDBA0E768C0}.Release|Any CPU.ActiveCfg = Release|Any CPU
		{FA65FE34-F4E2-4DF4-AC28-3CDBA0E768C0}.Release|Any CPU.Build.0 = Release|Any CPU
		{FA65FE34-F4E2-4DF4-AC28-3CDBA0E768C0}.test|Any CPU.ActiveCfg = Release|Any CPU
		{FA65FE34-F4E2-4DF4-AC28-3CDBA0E768C0}.test|Any CPU.Build.0 = Release|Any CPU
		{C97F61D1-CB4C-4051-92B7-89C4D88E30E5}.Debug|Any CPU.ActiveCfg = Debug|Any CPU
		{C97F61D1-CB4C-4051-92B7-89C4D88E30E5}.Debug|Any CPU.Build.0 = Debug|Any CPU
		{C97F61D1-CB4C-4051-92B7-89C4D88E30E5}.Release|Any CPU.ActiveCfg = Release|Any CPU
		{C97F61D1-CB4C-4051-92B7-89C4D88E30E5}.Release|Any CPU.Build.0 = Release|Any CPU
		{C97F61D1-CB4C-4051-92B7-89C4D88E30E5}.test|Any CPU.ActiveCfg = Release|Any CPU
		{C97F61D1-CB4C-4051-92B7-89C4D88E30E5}.test|Any CPU.Build.0 = Release|Any CPU
		{4B679662-531E-4B37-BE5F-0A3F16D9C7A1}.Debug|Any CPU.ActiveCfg = Debug|Any CPU
		{4B679662-531E-4B37-BE5F-0A3F16D9C7A1}.Debug|Any CPU.Build.0 = Debug|Any CPU
		{4B679662-531E-4B37-BE5F-0A3F16D9C7A1}.Release|Any CPU.ActiveCfg = Release|Any CPU
		{4B679662-531E-4B37-BE5F-0A3F16D9C7A1}.Release|Any CPU.Build.0 = Release|Any CPU
		{4B679662-531E-4B37-BE5F-0A3F16D9C7A1}.test|Any CPU.ActiveCfg = Release|Any CPU
		{4B679662-531E-4B37-BE5F-0A3F16D9C7A1}.test|Any CPU.Build.0 = Release|Any CPU
		{88E3ACA5-3D74-457C-AF54-B3F2F46DD1C9}.Debug|Any CPU.ActiveCfg = Debug|Any CPU
		{88E3ACA5-3D74-457C-AF54-B3F2F46DD1C9}.Debug|Any CPU.Build.0 = Debug|Any CPU
		{88E3ACA5-3D74-457C-AF54-B3F2F46DD1C9}.Release|Any CPU.ActiveCfg = Release|Any CPU
		{88E3ACA5-3D74-457C-AF54-B3F2F46DD1C9}.Release|Any CPU.Build.0 = Release|Any CPU
		{88E3ACA5-3D74-457C-AF54-B3F2F46DD1C9}.test|Any CPU.ActiveCfg = Release|Any CPU
		{88E3ACA5-3D74-457C-AF54-B3F2F46DD1C9}.test|Any CPU.Build.0 = Release|Any CPU
		{D70EB77B-D4D0-4005-9EAE-A92EBD859945}.Debug|Any CPU.ActiveCfg = Debug|Any CPU
		{D70EB77B-D4D0-4005-9EAE-A92EBD859945}.Debug|Any CPU.Build.0 = Debug|Any CPU
		{D70EB77B-D4D0-4005-9EAE-A92EBD859945}.Release|Any CPU.ActiveCfg = Release|Any CPU
		{D70EB77B-D4D0-4005-9EAE-A92EBD859945}.Release|Any CPU.Build.0 = Release|Any CPU
		{D70EB77B-D4D0-4005-9EAE-A92EBD859945}.test|Any CPU.ActiveCfg = Release|Any CPU
		{D70EB77B-D4D0-4005-9EAE-A92EBD859945}.test|Any CPU.Build.0 = Release|Any CPU
	EndGlobalSection
	GlobalSection(SolutionProperties) = preSolution
		HideSolutionNode = FALSE
	EndGlobalSection
	GlobalSection(NestedProjects) = preSolution
		{5A73E355-7485-424C-A4C7-85BC297640BF} = {75FCDC11-4D7B-43BF-9F56-8C59C380B56A}
		{B0A4DC5F-7C7B-44DF-A7D1-40B072A82053} = {75FCDC11-4D7B-43BF-9F56-8C59C380B56A}
		{6EB0B8F9-B667-4A5B-83A5-696AF0EC954F} = {99172021-FA1D-42A1-9A04-48942FA5B660}
		{2B399CDA-9C11-4CFC-9927-A1C2704316E2} = {99172021-FA1D-42A1-9A04-48942FA5B660}
		{88E3ACA5-3D74-457C-AF54-B3F2F46DD1C9} = {99172021-FA1D-42A1-9A04-48942FA5B660}
		{C97F61D1-CB4C-4051-92B7-89C4D88E30E5} = {82C810F7-18C6-48E9-9670-B1334C8CF0FD}
		{4B679662-531E-4B37-BE5F-0A3F16D9C7A1} = {82C810F7-18C6-48E9-9670-B1334C8CF0FD}
		{FA65FE34-F4E2-4DF4-AC28-3CDBA0E768C0} = {82C810F7-18C6-48E9-9670-B1334C8CF0FD}
		{71C57846-BF52-414E-901B-499F7365164E} = {DEA61D4F-EB5E-42B9-8026-03BB2BB86C70}
		{D70EB77B-D4D0-4005-9EAE-A92EBD859945} = {DEA61D4F-EB5E-42B9-8026-03BB2BB86C70}
	EndGlobalSection
EndGlobal
